
Microsoft Visual Studio Solution File, Format Version 12.00
# Visual Studio 14
VisualStudioVersion = 14.0.24720.0
MinimumVisualStudioVersion = 10.0.40219.1
Project("{FAE04EC0-301F-11D3-BF4B-00C04F79EFBC}") = "jigsaw", "jigsaw.csproj", "{1ABCC5C5-77E5-438A-B7BF-64EB6D586E71}"
EndProject
Project("{FAE04EC0-301F-11D3-BF4B-00C04F79EFBC}") = "jigsaw.UnitTest", "jigsaw.UnitTest\jigsaw.UnitTest.csproj", "{14F1FB96-1A91-4465-B312-011AC16437B7}"
EndProject
Project("{FAE04EC0-301F-11D3-BF4B-00C04F79EFBC}") = "Text", "..\..\..\Text\Text.csproj", "{0F6BA882-8777-47F4-A40A-5C8B3E8B1037}"
EndProject
Global
	GlobalSection(SolutionConfigurationPlatforms) = preSolution
		Debug|Any CPU = Debug|Any CPU
		Release|Any CPU = Release|Any CPU
	EndGlobalSection
	GlobalSection(ProjectConfigurationPlatforms) = postSolution
		{1ABCC5C5-77E5-438A-B7BF-64EB6D586E71}.Debug|Any CPU.ActiveCfg = Debug|Any CPU
		{1ABCC5C5-77E5-438A-B7BF-64EB6D586E71}.Debug|Any CPU.Build.0 = Debug|Any CPU
		{1ABCC5C5-77E5-438A-B7BF-64EB6D586E71}.Release|Any CPU.ActiveCfg = Release|Any CPU
		{1ABCC5C5-77E5-438A-B7BF-64EB6D586E71}.Release|Any CPU.Build.0 = Release|Any CPU
		{14F1FB96-1A91-4465-B312-011AC16437B7}.Debug|Any CPU.ActiveCfg = Debug|Any CPU
		{14F1FB96-1A91-4465-B312-011AC16437B7}.Debug|Any CPU.Build.0 = Debug|Any CPU
		{14F1FB96-1A91-4465-B312-011AC16437B7}.Release|Any CPU.ActiveCfg = Release|Any CPU
		{14F1FB96-1A91-4465-B312-011AC16437B7}.Release|Any CPU.Build.0 = Release|Any CPU
		{0F6BA882-8777-47F4-A40A-5C8B3E8B1037}.Debug|Any CPU.ActiveCfg = Debug|Any CPU
		{0F6BA882-8777-47F4-A40A-5C8B3E8B1037}.Debug|Any CPU.Build.0 = Debug|Any CPU
		{0F6BA882-8777-47F4-A40A-5C8B3E8B1037}.Release|Any CPU.ActiveCfg = Release|Any CPU
		{0F6BA882-8777-47F4-A40A-5C8B3E8B1037}.Release|Any CPU.Build.0 = Release|Any CPU
	EndGlobalSection
	GlobalSection(SolutionProperties) = preSolution
		HideSolutionNode = FALSE
	EndGlobalSection
EndGlobal
